// !$*UTF8*$!
{
	archiveVersion = 1;
	classes = {
	};
	objectVersion = 50;
	objects = {

/* Begin PBXBuildFile section */
		0653BB0F22BC286200C193BE /* UITableView.swift in Sources */ = {isa = PBXBuildFile; fileRef = 0653BB0E22BC286200C193BE /* UITableView.swift */; };
		0653BB1222BC2CD500C193BE /* ProfilesSupplier.swift in Sources */ = {isa = PBXBuildFile; fileRef = 0653BB1122BC2CD500C193BE /* ProfilesSupplier.swift */; };
		0653BB1422BC2D9600C193BE /* Result.swift in Sources */ = {isa = PBXBuildFile; fileRef = 0653BB1322BC2D9600C193BE /* Result.swift */; };
		0653BB1622BC304900C193BE /* ProfileParser.swift in Sources */ = {isa = PBXBuildFile; fileRef = 0653BB1522BC304900C193BE /* ProfileParser.swift */; };
		0653BB1822BC335E00C193BE /* ProfileLoader.swift in Sources */ = {isa = PBXBuildFile; fileRef = 0653BB1722BC335E00C193BE /* ProfileLoader.swift */; };
		0653BB1B22BC33CA00C193BE /* NetworkManager.swift in Sources */ = {isa = PBXBuildFile; fileRef = 0653BB1A22BC33CA00C193BE /* NetworkManager.swift */; };
		0653BB1D22BC342D00C193BE /* RequestModel.swift in Sources */ = {isa = PBXBuildFile; fileRef = 0653BB1C22BC342D00C193BE /* RequestModel.swift */; };
		0653BB1F22BC345E00C193BE /* ApiEndpoints.swift in Sources */ = {isa = PBXBuildFile; fileRef = 0653BB1E22BC345E00C193BE /* ApiEndpoints.swift */; };
		0666477C22BC22A100347153 /* ViewControllersFactory.swift in Sources */ = {isa = PBXBuildFile; fileRef = 0666477B22BC22A100347153 /* ViewControllersFactory.swift */; };
		0666477E22BC250E00347153 /* Profile.swift in Sources */ = {isa = PBXBuildFile; fileRef = 0666477D22BC250E00347153 /* Profile.swift */; };
		0666478122BC265F00347153 /* MainProfileTableViewCell.swift in Sources */ = {isa = PBXBuildFile; fileRef = 0666477F22BC265F00347153 /* MainProfileTableViewCell.swift */; };
		0666478222BC265F00347153 /* MainProfileTableViewCell.xib in Resources */ = {isa = PBXBuildFile; fileRef = 0666478022BC265F00347153 /* MainProfileTableViewCell.xib */; };
		06B1313B22BC1853004B57B4 /* AppDelegate.swift in Sources */ = {isa = PBXBuildFile; fileRef = 06B1313A22BC1853004B57B4 /* AppDelegate.swift */; };
		06B1313D22BC1853004B57B4 /* BaseViewController.swift in Sources */ = {isa = PBXBuildFile; fileRef = 06B1313C22BC1853004B57B4 /* BaseViewController.swift */; };
		06B1314022BC1853004B57B4 /* Main.storyboard in Resources */ = {isa = PBXBuildFile; fileRef = 06B1313E22BC1853004B57B4 /* Main.storyboard */; };
		06B1314222BC1855004B57B4 /* Assets.xcassets in Resources */ = {isa = PBXBuildFile; fileRef = 06B1314122BC1855004B57B4 /* Assets.xcassets */; };
		06B1314522BC1855004B57B4 /* LaunchScreen.storyboard in Resources */ = {isa = PBXBuildFile; fileRef = 06B1314322BC1855004B57B4 /* LaunchScreen.storyboard */; };
		06B1315822BC1C48004B57B4 /* BaseTableViewController.swift in Sources */ = {isa = PBXBuildFile; fileRef = 06B1315722BC1C48004B57B4 /* BaseTableViewController.swift */; };
		06B1315B22BC1CBD004B57B4 /* UIView.swift in Sources */ = {isa = PBXBuildFile; fileRef = 06B1315A22BC1CBD004B57B4 /* UIView.swift */; };
		06B1315D22BC1D9C004B57B4 /* BaseTableViewCell.swift in Sources */ = {isa = PBXBuildFile; fileRef = 06B1315C22BC1D9C004B57B4 /* BaseTableViewCell.swift */; };
		06B1316022BC1DE1004B57B4 /* ReuseProtocol.swift in Sources */ = {isa = PBXBuildFile; fileRef = 06B1315F22BC1DE1004B57B4 /* ReuseProtocol.swift */; };
		06B1316222BC1E37004B57B4 /* TableViewDataSource.swift in Sources */ = {isa = PBXBuildFile; fileRef = 06B1316122BC1E37004B57B4 /* TableViewDataSource.swift */; };
		06B1316722BC1EF9004B57B4 /* ProfilesListViewController.swift in Sources */ = {isa = PBXBuildFile; fileRef = 06B1316622BC1EF9004B57B4 /* ProfilesListViewController.swift */; };
		06B1316B22BC1F45004B57B4 /* ProfilesListPresenter.swift in Sources */ = {isa = PBXBuildFile; fileRef = 06B1316A22BC1F45004B57B4 /* ProfilesListPresenter.swift */; };
		06B1316D22BC1F54004B57B4 /* ProfilesListInteractor.swift in Sources */ = {isa = PBXBuildFile; fileRef = 06B1316C22BC1F54004B57B4 /* ProfilesListInteractor.swift */; };
		06B1316F22BC1FDB004B57B4 /* ProfilesListDataSource.swift in Sources */ = {isa = PBXBuildFile; fileRef = 06B1316E22BC1FDB004B57B4 /* ProfilesListDataSource.swift */; };
/* End PBXBuildFile section */

/* Begin PBXFileReference section */
		0653BB0E22BC286200C193BE /* UITableView.swift */ = {isa = PBXFileReference; lastKnownFileType = sourcecode.swift; path = UITableView.swift; sourceTree = "<group>"; };
		0653BB1122BC2CD500C193BE /* ProfilesSupplier.swift */ = {isa = PBXFileReference; lastKnownFileType = sourcecode.swift; path = ProfilesSupplier.swift; sourceTree = "<group>"; };
		0653BB1322BC2D9600C193BE /* Result.swift */ = {isa = PBXFileReference; lastKnownFileType = sourcecode.swift; path = Result.swift; sourceTree = "<group>"; };
		0653BB1522BC304900C193BE /* ProfileParser.swift */ = {isa = PBXFileReference; lastKnownFileType = sourcecode.swift; path = ProfileParser.swift; sourceTree = "<group>"; };
		0653BB1722BC335E00C193BE /* ProfileLoader.swift */ = {isa = PBXFileReference; lastKnownFileType = sourcecode.swift; path = ProfileLoader.swift; sourceTree = "<group>"; };
		0653BB1A22BC33CA00C193BE /* NetworkManager.swift */ = {isa = PBXFileReference; lastKnownFileType = sourcecode.swift; path = NetworkManager.swift; sourceTree = "<group>"; };
		0653BB1C22BC342D00C193BE /* RequestModel.swift */ = {isa = PBXFileReference; lastKnownFileType = sourcecode.swift; path = RequestModel.swift; sourceTree = "<group>"; };
		0653BB1E22BC345E00C193BE /* ApiEndpoints.swift */ = {isa = PBXFileReference; lastKnownFileType = sourcecode.swift; path = ApiEndpoints.swift; sourceTree = "<group>"; };
		0666477B22BC22A100347153 /* ViewControllersFactory.swift */ = {isa = PBXFileReference; lastKnownFileType = sourcecode.swift; path = ViewControllersFactory.swift; sourceTree = "<group>"; };
		0666477D22BC250E00347153 /* Profile.swift */ = {isa = PBXFileReference; lastKnownFileType = sourcecode.swift; path = Profile.swift; sourceTree = "<group>"; };
		0666477F22BC265F00347153 /* MainProfileTableViewCell.swift */ = {isa = PBXFileReference; lastKnownFileType = sourcecode.swift; path = MainProfileTableViewCell.swift; sourceTree = "<group>"; };
		0666478022BC265F00347153 /* MainProfileTableViewCell.xib */ = {isa = PBXFileReference; lastKnownFileType = file.xib; path = MainProfileTableViewCell.xib; sourceTree = "<group>"; };
		06B1313722BC1853004B57B4 /* Profiles.app */ = {isa = PBXFileReference; explicitFileType = wrapper.application; includeInIndex = 0; path = Profiles.app; sourceTree = BUILT_PRODUCTS_DIR; };
		06B1313A22BC1853004B57B4 /* AppDelegate.swift */ = {isa = PBXFileReference; lastKnownFileType = sourcecode.swift; path = AppDelegate.swift; sourceTree = "<group>"; };
		06B1313C22BC1853004B57B4 /* BaseViewController.swift */ = {isa = PBXFileReference; lastKnownFileType = sourcecode.swift; path = BaseViewController.swift; sourceTree = "<group>"; };
		06B1313F22BC1853004B57B4 /* Base */ = {isa = PBXFileReference; lastKnownFileType = file.storyboard; name = Base; path = Base.lproj/Main.storyboard; sourceTree = "<group>"; };
		06B1314122BC1855004B57B4 /* Assets.xcassets */ = {isa = PBXFileReference; lastKnownFileType = folder.assetcatalog; path = Assets.xcassets; sourceTree = "<group>"; };
		06B1314422BC1855004B57B4 /* Base */ = {isa = PBXFileReference; lastKnownFileType = file.storyboard; name = Base; path = Base.lproj/LaunchScreen.storyboard; sourceTree = "<group>"; };
		06B1314622BC1855004B57B4 /* Info.plist */ = {isa = PBXFileReference; lastKnownFileType = text.plist.xml; path = Info.plist; sourceTree = "<group>"; };
		06B1315722BC1C48004B57B4 /* BaseTableViewController.swift */ = {isa = PBXFileReference; lastKnownFileType = sourcecode.swift; path = BaseTableViewController.swift; sourceTree = "<group>"; };
		06B1315A22BC1CBD004B57B4 /* UIView.swift */ = {isa = PBXFileReference; lastKnownFileType = sourcecode.swift; path = UIView.swift; sourceTree = "<group>"; };
		06B1315C22BC1D9C004B57B4 /* BaseTableViewCell.swift */ = {isa = PBXFileReference; lastKnownFileType = sourcecode.swift; path = BaseTableViewCell.swift; sourceTree = "<group>"; };
		06B1315F22BC1DE1004B57B4 /* ReuseProtocol.swift */ = {isa = PBXFileReference; lastKnownFileType = sourcecode.swift; path = ReuseProtocol.swift; sourceTree = "<group>"; };
		06B1316122BC1E37004B57B4 /* TableViewDataSource.swift */ = {isa = PBXFileReference; lastKnownFileType = sourcecode.swift; path = TableViewDataSource.swift; sourceTree = "<group>"; };
		06B1316622BC1EF9004B57B4 /* ProfilesListViewController.swift */ = {isa = PBXFileReference; lastKnownFileType = sourcecode.swift; path = ProfilesListViewController.swift; sourceTree = "<group>"; };
		06B1316A22BC1F45004B57B4 /* ProfilesListPresenter.swift */ = {isa = PBXFileReference; lastKnownFileType = sourcecode.swift; path = ProfilesListPresenter.swift; sourceTree = "<group>"; };
		06B1316C22BC1F54004B57B4 /* ProfilesListInteractor.swift */ = {isa = PBXFileReference; lastKnownFileType = sourcecode.swift; path = ProfilesListInteractor.swift; sourceTree = "<group>"; };
		06B1316E22BC1FDB004B57B4 /* ProfilesListDataSource.swift */ = {isa = PBXFileReference; lastKnownFileType = sourcecode.swift; path = ProfilesListDataSource.swift; sourceTree = "<group>"; };
/* End PBXFileReference section */

/* Begin PBXFrameworksBuildPhase section */
		06B1313422BC1853004B57B4 /* Frameworks */ = {
			isa = PBXFrameworksBuildPhase;
			buildActionMask = 2147483647;
			files = (
			);
			runOnlyForDeploymentPostprocessing = 0;
		};
/* End PBXFrameworksBuildPhase section */

/* Begin PBXGroup section */
		0653BB1022BC2CC200C193BE /* Supplliers */ = {
			isa = PBXGroup;
			children = (
				0653BB1122BC2CD500C193BE /* ProfilesSupplier.swift */,
				0653BB1522BC304900C193BE /* ProfileParser.swift */,
				0653BB1722BC335E00C193BE /* ProfileLoader.swift */,
			);
			path = Supplliers;
			sourceTree = "<group>";
		};
		0653BB1922BC33BB00C193BE /* Network */ = {
			isa = PBXGroup;
			children = (
				0653BB1A22BC33CA00C193BE /* NetworkManager.swift */,
				0653BB1C22BC342D00C193BE /* RequestModel.swift */,
				0653BB1E22BC345E00C193BE /* ApiEndpoints.swift */,
			);
			path = Network;
			sourceTree = "<group>";
		};
		0666477A22BC228E00347153 /* Factories */ = {
			isa = PBXGroup;
			children = (
				0666477B22BC22A100347153 /* ViewControllersFactory.swift */,
			);
			path = Factories;
			sourceTree = "<group>";
		};
		06B1312E22BC1853004B57B4 = {
			isa = PBXGroup;
			children = (
				06B1313922BC1853004B57B4 /* Profiles */,
				06B1313822BC1853004B57B4 /* Products */,
				E03D8B62AE735CBC6A0F3824 /* Pods */,
			);
			sourceTree = "<group>";
		};
		06B1313822BC1853004B57B4 /* Products */ = {
			isa = PBXGroup;
			children = (
				06B1313722BC1853004B57B4 /* Profiles.app */,
			);
			name = Products;
			sourceTree = "<group>";
		};
		06B1313922BC1853004B57B4 /* Profiles */ = {
			isa = PBXGroup;
			children = (
				0653BB1022BC2CC200C193BE /* Supplliers */,
				06B1314C22BC19CC004B57B4 /* Entities */,
				06B1314F22BC1AC4004B57B4 /* Protocols */,
				06B1315622BC1B6E004B57B4 /* Utilities */,
				06B1315922BC1C96004B57B4 /* Extensions */,
				06B1314D22BC19D8004B57B4 /* Scenes */,
				06B1314E22BC1A78004B57B4 /* View Controllers */,
				06B1313A22BC1853004B57B4 /* AppDelegate.swift */,
				06B1313E22BC1853004B57B4 /* Main.storyboard */,
				06B1314122BC1855004B57B4 /* Assets.xcassets */,
				06B1314322BC1855004B57B4 /* LaunchScreen.storyboard */,
				06B1314622BC1855004B57B4 /* Info.plist */,
			);
			path = Profiles;
			sourceTree = "<group>";
		};
		06B1314C22BC19CC004B57B4 /* Entities */ = {
			isa = PBXGroup;
			children = (
				0666477D22BC250E00347153 /* Profile.swift */,
				0653BB1322BC2D9600C193BE /* Result.swift */,
			);
			path = Entities;
			sourceTree = "<group>";
		};
		06B1314D22BC19D8004B57B4 /* Scenes */ = {
			isa = PBXGroup;
			children = (
				06B1315522BC1B49004B57B4 /* ProfileDetails */,
				06B1315422BC1B31004B57B4 /* ProfilesList */,
			);
			path = Scenes;
			sourceTree = "<group>";
		};
		06B1314E22BC1A78004B57B4 /* View Controllers */ = {
			isa = PBXGroup;
			children = (
				06B1315322BC1B13004B57B4 /* Base */,
				06B1315222BC1AFC004B57B4 /* Base Table View */,
				06B1315122BC1AE9004B57B4 /* Data Source */,
				06B1315022BC1ADE004B57B4 /* Base Table View Cell */,
			);
			path = "View Controllers";
			sourceTree = "<group>";
		};
		06B1314F22BC1AC4004B57B4 /* Protocols */ = {
			isa = PBXGroup;
			children = (
				06B1315E22BC1DCA004B57B4 /* TableView */,
			);
			path = Protocols;
			sourceTree = "<group>";
		};
		06B1315022BC1ADE004B57B4 /* Base Table View Cell */ = {
			isa = PBXGroup;
			children = (
				06B1315C22BC1D9C004B57B4 /* BaseTableViewCell.swift */,
			);
			path = "Base Table View Cell";
			sourceTree = "<group>";
		};
		06B1315122BC1AE9004B57B4 /* Data Source */ = {
			isa = PBXGroup;
			children = (
				06B1316122BC1E37004B57B4 /* TableViewDataSource.swift */,
			);
			path = "Data Source";
			sourceTree = "<group>";
		};
		06B1315222BC1AFC004B57B4 /* Base Table View */ = {
			isa = PBXGroup;
			children = (
				06B1315722BC1C48004B57B4 /* BaseTableViewController.swift */,
			);
			path = "Base Table View";
			sourceTree = "<group>";
		};
		06B1315322BC1B13004B57B4 /* Base */ = {
			isa = PBXGroup;
			children = (
				06B1313C22BC1853004B57B4 /* BaseViewController.swift */,
			);
			path = Base;
			sourceTree = "<group>";
		};
		06B1315422BC1B31004B57B4 /* ProfilesList */ = {
			isa = PBXGroup;
			children = (
				06B1316522BC1EB2004B57B4 /* Interactor */,
				06B1316422BC1EA8004B57B4 /* Presenter */,
				06B1316322BC1E9B004B57B4 /* View */,
			);
			path = ProfilesList;
			sourceTree = "<group>";
		};
		06B1315522BC1B49004B57B4 /* ProfileDetails */ = {
			isa = PBXGroup;
			children = (
			);
			path = ProfileDetails;
			sourceTree = "<group>";
		};
		06B1315622BC1B6E004B57B4 /* Utilities */ = {
			isa = PBXGroup;
			children = (
				0653BB1922BC33BB00C193BE /* Network */,
				0666477A22BC228E00347153 /* Factories */,
			);
			path = Utilities;
			sourceTree = "<group>";
		};
		06B1315922BC1C96004B57B4 /* Extensions */ = {
			isa = PBXGroup;
			children = (
				06B1315A22BC1CBD004B57B4 /* UIView.swift */,
				0653BB0E22BC286200C193BE /* UITableView.swift */,
			);
			path = Extensions;
			sourceTree = "<group>";
		};
		06B1315E22BC1DCA004B57B4 /* TableView */ = {
			isa = PBXGroup;
			children = (
				06B1315F22BC1DE1004B57B4 /* ReuseProtocol.swift */,
			);
			path = TableView;
			sourceTree = "<group>";
		};
		06B1316322BC1E9B004B57B4 /* View */ = {
			isa = PBXGroup;
			children = (
				06B1316922BC1F0E004B57B4 /* Cells */,
				06B1316822BC1F04004B57B4 /* Data Source */,
				06B1316622BC1EF9004B57B4 /* ProfilesListViewController.swift */,
			);
			path = View;
			sourceTree = "<group>";
		};
		06B1316422BC1EA8004B57B4 /* Presenter */ = {
			isa = PBXGroup;
			children = (
				06B1316A22BC1F45004B57B4 /* ProfilesListPresenter.swift */,
			);
			path = Presenter;
			sourceTree = "<group>";
		};
		06B1316522BC1EB2004B57B4 /* Interactor */ = {
			isa = PBXGroup;
			children = (
				06B1316C22BC1F54004B57B4 /* ProfilesListInteractor.swift */,
			);
			path = Interactor;
			sourceTree = "<group>";
		};
		06B1316822BC1F04004B57B4 /* Data Source */ = {
			isa = PBXGroup;
			children = (
				06B1316E22BC1FDB004B57B4 /* ProfilesListDataSource.swift */,
			);
			path = "Data Source";
			sourceTree = "<group>";
		};
		06B1316922BC1F0E004B57B4 /* Cells */ = {
			isa = PBXGroup;
			children = (
				0666477F22BC265F00347153 /* MainProfileTableViewCell.swift */,
				0666478022BC265F00347153 /* MainProfileTableViewCell.xib */,
			);
			path = Cells;
			sourceTree = "<group>";
		};
		E03D8B62AE735CBC6A0F3824 /* Pods */ = {
			isa = PBXGroup;
			children = (
			);
			path = Pods;
			sourceTree = "<group>";
		};
/* End PBXGroup section */

/* Begin PBXNativeTarget section */
		06B1313622BC1853004B57B4 /* Profiles */ = {
			isa = PBXNativeTarget;
			buildConfigurationList = 06B1314922BC1855004B57B4 /* Build configuration list for PBXNativeTarget "Profiles" */;
			buildPhases = (
				06B1313322BC1853004B57B4 /* Sources */,
				06B1313422BC1853004B57B4 /* Frameworks */,
				06B1313522BC1853004B57B4 /* Resources */,
			);
			buildRules = (
			);
			dependencies = (
			);
			name = Profiles;
			productName = Profiles;
			productReference = 06B1313722BC1853004B57B4 /* Profiles.app */;
			productType = "com.apple.product-type.application";
		};
/* End PBXNativeTarget section */

/* Begin PBXProject section */
		06B1312F22BC1853004B57B4 /* Project object */ = {
			isa = PBXProject;
			attributes = {
				LastSwiftUpdateCheck = 1010;
				LastUpgradeCheck = 1010;
				ORGANIZATIONNAME = Katerina;
				TargetAttributes = {
					06B1313622BC1853004B57B4 = {
						CreatedOnToolsVersion = 10.1;
					};
				};
			};
			buildConfigurationList = 06B1313222BC1853004B57B4 /* Build configuration list for PBXProject "Profiles" */;
			compatibilityVersion = "Xcode 9.3";
			developmentRegion = en;
			hasScannedForEncodings = 0;
			knownRegions = (
				en,
				Base,
			);
			mainGroup = 06B1312E22BC1853004B57B4;
			productRefGroup = 06B1313822BC1853004B57B4 /* Products */;
			projectDirPath = "";
			projectRoot = "";
			targets = (
				06B1313622BC1853004B57B4 /* Profiles */,
			);
		};
/* End PBXProject section */

/* Begin PBXResourcesBuildPhase section */
		06B1313522BC1853004B57B4 /* Resources */ = {
			isa = PBXResourcesBuildPhase;
			buildActionMask = 2147483647;
			files = (
				06B1314522BC1855004B57B4 /* LaunchScreen.storyboard in Resources */,
				06B1314222BC1855004B57B4 /* Assets.xcassets in Resources */,
				0666478222BC265F00347153 /* MainProfileTableViewCell.xib in Resources */,
				06B1314022BC1853004B57B4 /* Main.storyboard in Resources */,
			);
			runOnlyForDeploymentPostprocessing = 0;
		};
/* End PBXResourcesBuildPhase section */

/* Begin PBXSourcesBuildPhase section */
		06B1313322BC1853004B57B4 /* Sources */ = {
			isa = PBXSourcesBuildPhase;
			buildActionMask = 2147483647;
			files = (
				06B1316022BC1DE1004B57B4 /* ReuseProtocol.swift in Sources */,
				06B1315B22BC1CBD004B57B4 /* UIView.swift in Sources */,
				0653BB0F22BC286200C193BE /* UITableView.swift in Sources */,
				06B1315822BC1C48004B57B4 /* BaseTableViewController.swift in Sources */,
				0666477E22BC250E00347153 /* Profile.swift in Sources */,
				06B1313D22BC1853004B57B4 /* BaseViewController.swift in Sources */,
				06B1316D22BC1F54004B57B4 /* ProfilesListInteractor.swift in Sources */,
				0653BB1F22BC345E00C193BE /* ApiEndpoints.swift in Sources */,
				0653BB1822BC335E00C193BE /* ProfileLoader.swift in Sources */,
				0666477C22BC22A100347153 /* ViewControllersFactory.swift in Sources */,
				0653BB1622BC304900C193BE /* ProfileParser.swift in Sources */,
				06B1316722BC1EF9004B57B4 /* ProfilesListViewController.swift in Sources */,
				0653BB1D22BC342D00C193BE /* RequestModel.swift in Sources */,
				0653BB1222BC2CD500C193BE /* ProfilesSupplier.swift in Sources */,
				0653BB1B22BC33CA00C193BE /* NetworkManager.swift in Sources */,
				06B1316F22BC1FDB004B57B4 /* ProfilesListDataSource.swift in Sources */,
				06B1316B22BC1F45004B57B4 /* ProfilesListPresenter.swift in Sources */,
				0666478122BC265F00347153 /* MainProfileTableViewCell.swift in Sources */,
				06B1315D22BC1D9C004B57B4 /* BaseTableViewCell.swift in Sources */,
				0653BB1422BC2D9600C193BE /* Result.swift in Sources */,
				06B1316222BC1E37004B57B4 /* TableViewDataSource.swift in Sources */,
				06B1313B22BC1853004B57B4 /* AppDelegate.swift in Sources */,
			);
			runOnlyForDeploymentPostprocessing = 0;
		};
/* End PBXSourcesBuildPhase section */

/* Begin PBXVariantGroup section */
		06B1313E22BC1853004B57B4 /* Main.storyboard */ = {
			isa = PBXVariantGroup;
			children = (
				06B1313F22BC1853004B57B4 /* Base */,
			);
			name = Main.storyboard;
			sourceTree = "<group>";
		};
		06B1314322BC1855004B57B4 /* LaunchScreen.storyboard */ = {
			isa = PBXVariantGroup;
			children = (
				06B1314422BC1855004B57B4 /* Base */,
			);
			name = LaunchScreen.storyboard;
			sourceTree = "<group>";
		};
/* End PBXVariantGroup section */

/* Begin XCBuildConfiguration section */
		06B1314722BC1855004B57B4 /* Debug */ = {
			isa = XCBuildConfiguration;
			buildSettings = {
				ALWAYS_SEARCH_USER_PATHS = NO;
				CLANG_ANALYZER_NONNULL = YES;
				CLANG_ANALYZER_NUMBER_OBJECT_CONVERSION = YES_AGGRESSIVE;
				CLANG_CXX_LANGUAGE_STANDARD = "gnu++14";
				CLANG_CXX_LIBRARY = "libc++";
				CLANG_ENABLE_MODULES = YES;
				CLANG_ENABLE_OBJC_ARC = YES;
				CLANG_ENABLE_OBJC_WEAK = YES;
				CLANG_WARN_BLOCK_CAPTURE_AUTORELEASING = YES;
				CLANG_WARN_BOOL_CONVERSION = YES;
				CLANG_WARN_COMMA = YES;
				CLANG_WARN_CONSTANT_CONVERSION = YES;
				CLANG_WARN_DEPRECATED_OBJC_IMPLEMENTATIONS = YES;
				CLANG_WARN_DIRECT_OBJC_ISA_USAGE = YES_ERROR;
				CLANG_WARN_DOCUMENTATION_COMMENTS = YES;
				CLANG_WARN_EMPTY_BODY = YES;
				CLANG_WARN_ENUM_CONVERSION = YES;
				CLANG_WARN_INFINITE_RECURSION = YES;
				CLANG_WARN_INT_CONVERSION = YES;
				CLANG_WARN_NON_LITERAL_NULL_CONVERSION = YES;
				CLANG_WARN_OBJC_IMPLICIT_RETAIN_SELF = YES;
				CLANG_WARN_OBJC_LITERAL_CONVERSION = YES;
				CLANG_WARN_OBJC_ROOT_CLASS = YES_ERROR;
				CLANG_WARN_RANGE_LOOP_ANALYSIS = YES;
				CLANG_WARN_STRICT_PROTOTYPES = YES;
				CLANG_WARN_SUSPICIOUS_MOVE = YES;
				CLANG_WARN_UNGUARDED_AVAILABILITY = YES_AGGRESSIVE;
				CLANG_WARN_UNREACHABLE_CODE = YES;
				CLANG_WARN__DUPLICATE_METHOD_MATCH = YES;
				CODE_SIGN_IDENTITY = "iPhone Developer";
				COPY_PHASE_STRIP = NO;
				DEBUG_INFORMATION_FORMAT = dwarf;
				ENABLE_STRICT_OBJC_MSGSEND = YES;
				ENABLE_TESTABILITY = YES;
				GCC_C_LANGUAGE_STANDARD = gnu11;
				GCC_DYNAMIC_NO_PIC = NO;
				GCC_NO_COMMON_BLOCKS = YES;
				GCC_OPTIMIZATION_LEVEL = 0;
				GCC_PREPROCESSOR_DEFINITIONS = (
					"DEBUG=1",
					"$(inherited)",
				);
				GCC_WARN_64_TO_32_BIT_CONVERSION = YES;
				GCC_WARN_ABOUT_RETURN_TYPE = YES_ERROR;
				GCC_WARN_UNDECLARED_SELECTOR = YES;
				GCC_WARN_UNINITIALIZED_AUTOS = YES_AGGRESSIVE;
				GCC_WARN_UNUSED_FUNCTION = YES;
				GCC_WARN_UNUSED_VARIABLE = YES;
				IPHONEOS_DEPLOYMENT_TARGET = 12.1;
				MTL_ENABLE_DEBUG_INFO = INCLUDE_SOURCE;
				MTL_FAST_MATH = YES;
				ONLY_ACTIVE_ARCH = YES;
				SDKROOT = iphoneos;
				SWIFT_ACTIVE_COMPILATION_CONDITIONS = DEBUG;
				SWIFT_OPTIMIZATION_LEVEL = "-Onone";
			};
			name = Debug;
		};
		06B1314822BC1855004B57B4 /* Release */ = {
			isa = XCBuildConfiguration;
			buildSettings = {
				ALWAYS_SEARCH_USER_PATHS = NO;
				CLANG_ANALYZER_NONNULL = YES;
				CLANG_ANALYZER_NUMBER_OBJECT_CONVERSION = YES_AGGRESSIVE;
				CLANG_CXX_LANGUAGE_STANDARD = "gnu++14";
				CLANG_CXX_LIBRARY = "libc++";
				CLANG_ENABLE_MODULES = YES;
				CLANG_ENABLE_OBJC_ARC = YES;
				CLANG_ENABLE_OBJC_WEAK = YES;
				CLANG_WARN_BLOCK_CAPTURE_AUTORELEASING = YES;
				CLANG_WARN_BOOL_CONVERSION = YES;
				CLANG_WARN_COMMA = YES;
				CLANG_WARN_CONSTANT_CONVERSION = YES;
				CLANG_WARN_DEPRECATED_OBJC_IMPLEMENTATIONS = YES;
				CLANG_WARN_DIRECT_OBJC_ISA_USAGE = YES_ERROR;
				CLANG_WARN_DOCUMENTATION_COMMENTS = YES;
				CLANG_WARN_EMPTY_BODY = YES;
				CLANG_WARN_ENUM_CONVERSION = YES;
				CLANG_WARN_INFINITE_RECURSION = YES;
				CLANG_WARN_INT_CONVERSION = YES;
				CLANG_WARN_NON_LITERAL_NULL_CONVERSION = YES;
				CLANG_WARN_OBJC_IMPLICIT_RETAIN_SELF = YES;
				CLANG_WARN_OBJC_LITERAL_CONVERSION = YES;
				CLANG_WARN_OBJC_ROOT_CLASS = YES_ERROR;
				CLANG_WARN_RANGE_LOOP_ANALYSIS = YES;
				CLANG_WARN_STRICT_PROTOTYPES = YES;
				CLANG_WARN_SUSPICIOUS_MOVE = YES;
				CLANG_WARN_UNGUARDED_AVAILABILITY = YES_AGGRESSIVE;
				CLANG_WARN_UNREACHABLE_CODE = YES;
				CLANG_WARN__DUPLICATE_METHOD_MATCH = YES;
				CODE_SIGN_IDENTITY = "iPhone Developer";
				COPY_PHASE_STRIP = NO;
				DEBUG_INFORMATION_FORMAT = "dwarf-with-dsym";
				ENABLE_NS_ASSERTIONS = NO;
				ENABLE_STRICT_OBJC_MSGSEND = YES;
				GCC_C_LANGUAGE_STANDARD = gnu11;
				GCC_NO_COMMON_BLOCKS = YES;
				GCC_WARN_64_TO_32_BIT_CONVERSION = YES;
				GCC_WARN_ABOUT_RETURN_TYPE = YES_ERROR;
				GCC_WARN_UNDECLARED_SELECTOR = YES;
				GCC_WARN_UNINITIALIZED_AUTOS = YES_AGGRESSIVE;
				GCC_WARN_UNUSED_FUNCTION = YES;
				GCC_WARN_UNUSED_VARIABLE = YES;
				IPHONEOS_DEPLOYMENT_TARGET = 12.1;
				MTL_ENABLE_DEBUG_INFO = NO;
				MTL_FAST_MATH = YES;
				SDKROOT = iphoneos;
				SWIFT_COMPILATION_MODE = wholemodule;
				SWIFT_OPTIMIZATION_LEVEL = "-O";
				VALIDATE_PRODUCT = YES;
			};
			name = Release;
		};
		06B1314A22BC1855004B57B4 /* Debug */ = {
			isa = XCBuildConfiguration;
			buildSettings = {
				ASSETCATALOG_COMPILER_APPICON_NAME = AppIcon;
				CODE_SIGN_STYLE = Automatic;
				DEVELOPMENT_TEAM = Z4H43BAFH5;
				INFOPLIST_FILE = Profiles/Info.plist;
				IPHONEOS_DEPLOYMENT_TARGET = 11.0;
				LD_RUNPATH_SEARCH_PATHS = (
					"$(inherited)",
					"@executable_path/Frameworks",
				);
				PRODUCT_BUNDLE_IDENTIFIER = com.profile.Profiles1;
				PRODUCT_NAME = "$(TARGET_NAME)";
				SWIFT_VERSION = 4.2;
				TARGETED_DEVICE_FAMILY = 1;
			};
			name = Debug;
		};
		06B1314B22BC1855004B57B4 /* Release */ = {
			isa = XCBuildConfiguration;
			buildSettings = {
				ASSETCATALOG_COMPILER_APPICON_NAME = AppIcon;
				CODE_SIGN_STYLE = Automatic;
				DEVELOPMENT_TEAM = Z4H43BAFH5;
				INFOPLIST_FILE = Profiles/Info.plist;
				IPHONEOS_DEPLOYMENT_TARGET = 11.0;
				LD_RUNPATH_SEARCH_PATHS = (
					"$(inherited)",
					"@executable_path/Frameworks",
				);
				PRODUCT_BUNDLE_IDENTIFIER = com.profile.Profiles1;
				PRODUCT_NAME = "$(TARGET_NAME)";
				SWIFT_VERSION = 4.2;
				TARGETED_DEVICE_FAMILY = 1;
			};
			name = Release;
		};
/* End XCBuildConfiguration section */

/* Begin XCConfigurationList section */
		06B1313222BC1853004B57B4 /* Build configuration list for PBXProject "Profiles" */ = {
			isa = XCConfigurationList;
			buildConfigurations = (
				06B1314722BC1855004B57B4 /* Debug */,
				06B1314822BC1855004B57B4 /* Release */,
			);
			defaultConfigurationIsVisible = 0;
			defaultConfigurationName = Release;
		};
		06B1314922BC1855004B57B4 /* Build configuration list for PBXNativeTarget "Profiles" */ = {
			isa = XCConfigurationList;
			buildConfigurations = (
				06B1314A22BC1855004B57B4 /* Debug */,
				06B1314B22BC1855004B57B4 /* Release */,
			);
			defaultConfigurationIsVisible = 0;
			defaultConfigurationName = Release;
		};
/* End XCConfigurationList section */
	};
	rootObject = 06B1312F22BC1853004B57B4 /* Project object */;
}
